// !$*UTF8*$!
{
	archiveVersion = 1;
	classes = {
	};
	objectVersion = 56;
	objects = {

/* Begin PBXBuildFile section */
		F30A3CE429CB7BA800BCB9D6 /* AppDelegate.swift in Sources */ = {isa = PBXBuildFile; fileRef = F30A3CE329CB7BA800BCB9D6 /* AppDelegate.swift */; };
		F30A3CED29CB7BAA00BCB9D6 /* Assets.xcassets in Resources */ = {isa = PBXBuildFile; fileRef = F30A3CEC29CB7BAA00BCB9D6 /* Assets.xcassets */; };
		F30A3CF029CB7BAA00BCB9D6 /* LaunchScreen.storyboard in Resources */ = {isa = PBXBuildFile; fileRef = F30A3CEE29CB7BAA00BCB9D6 /* LaunchScreen.storyboard */; };
		F3301DEA29CB7E7400DE04C4 /* OnboardingContainerViewController.swift in Sources */ = {isa = PBXBuildFile; fileRef = F3301DE929CB7E7400DE04C4 /* OnboardingContainerViewController.swift */; };
		F3301DEC29CB7E8600DE04C4 /* OnboardingViewController.swift in Sources */ = {isa = PBXBuildFile; fileRef = F3301DEB29CB7E8500DE04C4 /* OnboardingViewController.swift */; };
		F3301DEE29CB7EA500DE04C4 /* LoginViewController.swift in Sources */ = {isa = PBXBuildFile; fileRef = F3301DED29CB7EA500DE04C4 /* LoginViewController.swift */; };
		F3301DF029CB7EB000DE04C4 /* LoginView.swift in Sources */ = {isa = PBXBuildFile; fileRef = F3301DEF29CB7EB000DE04C4 /* LoginView.swift */; };
		F3301DF829CB7F8700DE04C4 /* BankTestsUnitTests.swift in Sources */ = {isa = PBXBuildFile; fileRef = F3301DF729CB7F8700DE04C4 /* BankTestsUnitTests.swift */; };
		F3301DFF29CBA56D00DE04C4 /* DummyViewController.swift in Sources */ = {isa = PBXBuildFile; fileRef = F3301DFE29CBA56D00DE04C4 /* DummyViewController.swift */; };
		F35E2D8529CC974600852036 /* LocalState.swift in Sources */ = {isa = PBXBuildFile; fileRef = F35E2D8429CC974600852036 /* LocalState.swift */; };
		F35E2D8729CCCD0700852036 /* UIViewController+Utils.swift in Sources */ = {isa = PBXBuildFile; fileRef = F35E2D8629CCCD0700852036 /* UIViewController+Utils.swift */; };
		F39F79DF29D38ADF00F3B4DA /* AccountSummaryViewController.swift in Sources */ = {isa = PBXBuildFile; fileRef = F39F79DE29D38ADF00F3B4DA /* AccountSummaryViewController.swift */; };
		F3B4D10429DC86190019297F /* AccountSummaryCell.swift in Sources */ = {isa = PBXBuildFile; fileRef = F3B4D10329DC86190019297F /* AccountSummaryCell.swift */; };
		F3CFA23D29EDD2BE00404558 /* DecimalUtils.swift in Sources */ = {isa = PBXBuildFile; fileRef = F3CFA23C29EDD2BE00404558 /* DecimalUtils.swift */; };
		F3CFA23F29EDD37A00404558 /* CurrencyFormatter.swift in Sources */ = {isa = PBXBuildFile; fileRef = F3CFA23E29EDD37A00404558 /* CurrencyFormatter.swift */; };
		F3CFDD7829CDFDEB0088C79B /* MainViewController.swift in Sources */ = {isa = PBXBuildFile; fileRef = F3CFDD7729CDFDEB0088C79B /* MainViewController.swift */; };
		F3E7E1ED29D5D35800FD2999 /* AccountSummaryHeaderView.swift in Sources */ = {isa = PBXBuildFile; fileRef = F3E7E1EC29D5D35800FD2999 /* AccountSummaryHeaderView.swift */; };
		F3E7E1EF29D5D3CF00FD2999 /* AccountSummaryHeaderView.xib in Resources */ = {isa = PBXBuildFile; fileRef = F3E7E1EE29D5D3CF00FD2999 /* AccountSummaryHeaderView.xib */; };
/* End PBXBuildFile section */

/* Begin PBXContainerItemProxy section */
		F3301DF929CB7F8700DE04C4 /* PBXContainerItemProxy */ = {
			isa = PBXContainerItemProxy;
			containerPortal = F30A3CD829CB7BA800BCB9D6 /* Project object */;
			proxyType = 1;
			remoteGlobalIDString = F30A3CDF29CB7BA800BCB9D6;
			remoteInfo = Bank;
		};
/* End PBXContainerItemProxy section */

/* Begin PBXFileReference section */
		F30A3CE029CB7BA800BCB9D6 /* Bank.app */ = {isa = PBXFileReference; explicitFileType = wrapper.application; includeInIndex = 0; path = Bank.app; sourceTree = BUILT_PRODUCTS_DIR; };
		F30A3CE329CB7BA800BCB9D6 /* AppDelegate.swift */ = {isa = PBXFileReference; lastKnownFileType = sourcecode.swift; path = AppDelegate.swift; sourceTree = "<group>"; };
		F30A3CEC29CB7BAA00BCB9D6 /* Assets.xcassets */ = {isa = PBXFileReference; lastKnownFileType = folder.assetcatalog; path = Assets.xcassets; sourceTree = "<group>"; };
		F30A3CEF29CB7BAA00BCB9D6 /* Base */ = {isa = PBXFileReference; lastKnownFileType = file.storyboard; name = Base; path = Base.lproj/LaunchScreen.storyboard; sourceTree = "<group>"; };
		F30A3CF129CB7BAA00BCB9D6 /* Info.plist */ = {isa = PBXFileReference; lastKnownFileType = text.plist.xml; path = Info.plist; sourceTree = "<group>"; };
		F3301DE929CB7E7400DE04C4 /* OnboardingContainerViewController.swift */ = {isa = PBXFileReference; fileEncoding = 4; lastKnownFileType = sourcecode.swift; path = OnboardingContainerViewController.swift; sourceTree = "<group>"; };
		F3301DEB29CB7E8500DE04C4 /* OnboardingViewController.swift */ = {isa = PBXFileReference; fileEncoding = 4; lastKnownFileType = sourcecode.swift; path = OnboardingViewController.swift; sourceTree = "<group>"; };
		F3301DED29CB7EA500DE04C4 /* LoginViewController.swift */ = {isa = PBXFileReference; fileEncoding = 4; lastKnownFileType = sourcecode.swift; path = LoginViewController.swift; sourceTree = "<group>"; };
		F3301DEF29CB7EB000DE04C4 /* LoginView.swift */ = {isa = PBXFileReference; fileEncoding = 4; lastKnownFileType = sourcecode.swift; path = LoginView.swift; sourceTree = "<group>"; };
		F3301DF529CB7F8700DE04C4 /* BankTestsUnitTests.xctest */ = {isa = PBXFileReference; explicitFileType = wrapper.cfbundle; includeInIndex = 0; path = BankTestsUnitTests.xctest; sourceTree = BUILT_PRODUCTS_DIR; };
		F3301DF729CB7F8700DE04C4 /* BankTestsUnitTests.swift */ = {isa = PBXFileReference; lastKnownFileType = sourcecode.swift; path = BankTestsUnitTests.swift; sourceTree = "<group>"; };
		F3301DFE29CBA56D00DE04C4 /* DummyViewController.swift */ = {isa = PBXFileReference; lastKnownFileType = sourcecode.swift; path = DummyViewController.swift; sourceTree = "<group>"; };
		F35E2D8429CC974600852036 /* LocalState.swift */ = {isa = PBXFileReference; lastKnownFileType = sourcecode.swift; path = LocalState.swift; sourceTree = "<group>"; };
		F35E2D8629CCCD0700852036 /* UIViewController+Utils.swift */ = {isa = PBXFileReference; lastKnownFileType = sourcecode.swift; path = "UIViewController+Utils.swift"; sourceTree = "<group>"; };
		F39F79DE29D38ADF00F3B4DA /* AccountSummaryViewController.swift */ = {isa = PBXFileReference; lastKnownFileType = sourcecode.swift; path = AccountSummaryViewController.swift; sourceTree = "<group>"; };
		F3B4D10329DC86190019297F /* AccountSummaryCell.swift */ = {isa = PBXFileReference; lastKnownFileType = sourcecode.swift; path = AccountSummaryCell.swift; sourceTree = "<group>"; };
		F3CFA23C29EDD2BE00404558 /* DecimalUtils.swift */ = {isa = PBXFileReference; lastKnownFileType = sourcecode.swift; path = DecimalUtils.swift; sourceTree = "<group>"; };
		F3CFA23E29EDD37A00404558 /* CurrencyFormatter.swift */ = {isa = PBXFileReference; lastKnownFileType = sourcecode.swift; path = CurrencyFormatter.swift; sourceTree = "<group>"; };
		F3CFDD7729CDFDEB0088C79B /* MainViewController.swift */ = {isa = PBXFileReference; lastKnownFileType = sourcecode.swift; path = MainViewController.swift; sourceTree = "<group>"; };
		F3E7E1EC29D5D35800FD2999 /* AccountSummaryHeaderView.swift */ = {isa = PBXFileReference; lastKnownFileType = sourcecode.swift; path = AccountSummaryHeaderView.swift; sourceTree = "<group>"; };
		F3E7E1EE29D5D3CF00FD2999 /* AccountSummaryHeaderView.xib */ = {isa = PBXFileReference; lastKnownFileType = file.xib; path = AccountSummaryHeaderView.xib; sourceTree = "<group>"; };
/* End PBXFileReference section */

/* Begin PBXFrameworksBuildPhase section */
		F30A3CDD29CB7BA800BCB9D6 /* Frameworks */ = {
			isa = PBXFrameworksBuildPhase;
			buildActionMask = 2147483647;
			files = (
			);
			runOnlyForDeploymentPostprocessing = 0;
		};
		F3301DF229CB7F8700DE04C4 /* Frameworks */ = {
			isa = PBXFrameworksBuildPhase;
			buildActionMask = 2147483647;
			files = (
			);
			runOnlyForDeploymentPostprocessing = 0;
		};
/* End PBXFrameworksBuildPhase section */

/* Begin PBXGroup section */
		F30A3CD729CB7BA800BCB9D6 = {
			isa = PBXGroup;
			children = (
				F30A3CE229CB7BA800BCB9D6 /* Bank */,
				F3301DF629CB7F8700DE04C4 /* BankTestsUnitTests */,
				F30A3CE129CB7BA800BCB9D6 /* Products */,
			);
			sourceTree = "<group>";
		};
		F30A3CE129CB7BA800BCB9D6 /* Products */ = {
			isa = PBXGroup;
			children = (
				F30A3CE029CB7BA800BCB9D6 /* Bank.app */,
				F3301DF529CB7F8700DE04C4 /* BankTestsUnitTests.xctest */,
			);
			name = Products;
			sourceTree = "<group>";
		};
		F30A3CE229CB7BA800BCB9D6 /* Bank */ = {
			isa = PBXGroup;
			children = (
				F30A3CE329CB7BA800BCB9D6 /* AppDelegate.swift */,
				F3CFDD7729CDFDEB0088C79B /* MainViewController.swift */,
				F3301DE829CB7D2B00DE04C4 /* Login */,
				F3301DE629CB7D1100DE04C4 /* Onboarding */,
				F39F79DD29D38A4E00F3B4DA /* AccountSummary */,
				F35E2D8329CC972900852036 /* Utils */,
				F3301DE729CB7D1E00DE04C4 /* Files */,
				F30A3CF129CB7BAA00BCB9D6 /* Info.plist */,
			);
			path = Bank;
			sourceTree = "<group>";
		};
		F3301DE629CB7D1100DE04C4 /* Onboarding */ = {
			isa = PBXGroup;
			children = (
				F3301DEB29CB7E8500DE04C4 /* OnboardingViewController.swift */,
				F3301DE929CB7E7400DE04C4 /* OnboardingContainerViewController.swift */,
			);
			path = Onboarding;
			sourceTree = "<group>";
		};
		F3301DE729CB7D1E00DE04C4 /* Files */ = {
			isa = PBXGroup;
			children = (
				F30A3CEC29CB7BAA00BCB9D6 /* Assets.xcassets */,
				F30A3CEE29CB7BAA00BCB9D6 /* LaunchScreen.storyboard */,
			);
			path = Files;
			sourceTree = "<group>";
		};
		F3301DE829CB7D2B00DE04C4 /* Login */ = {
			isa = PBXGroup;
			children = (
				F3301DED29CB7EA500DE04C4 /* LoginViewController.swift */,
				F3301DEF29CB7EB000DE04C4 /* LoginView.swift */,
				F3301DFE29CBA56D00DE04C4 /* DummyViewController.swift */,
			);
			path = Login;
			sourceTree = "<group>";
		};
		F3301DF629CB7F8700DE04C4 /* BankTestsUnitTests */ = {
			isa = PBXGroup;
			children = (
				F3301DF729CB7F8700DE04C4 /* BankTestsUnitTests.swift */,
			);
			path = BankTestsUnitTests;
			sourceTree = "<group>";
		};
		F35E2D8329CC972900852036 /* Utils */ = {
			isa = PBXGroup;
			children = (
				F35E2D8429CC974600852036 /* LocalState.swift */,
				F35E2D8629CCCD0700852036 /* UIViewController+Utils.swift */,
				F3CFA23C29EDD2BE00404558 /* DecimalUtils.swift */,
				F3CFA23E29EDD37A00404558 /* CurrencyFormatter.swift */,
			);
			path = Utils;
			sourceTree = "<group>";
		};
		F39F79DD29D38A4E00F3B4DA /* AccountSummary */ = {
			isa = PBXGroup;
			children = (
				F39F79DE29D38ADF00F3B4DA /* AccountSummaryViewController.swift */,
				F3B4D10129DC84A60019297F /* Header */,
				F3B4D10229DC85DD0019297F /* Cells */,
			);
			path = AccountSummary;
			sourceTree = "<group>";
		};
		F3B4D10129DC84A60019297F /* Header */ = {
			isa = PBXGroup;
			children = (
				F3E7E1EC29D5D35800FD2999 /* AccountSummaryHeaderView.swift */,
				F3E7E1EE29D5D3CF00FD2999 /* AccountSummaryHeaderView.xib */,
			);
			path = Header;
			sourceTree = "<group>";
		};
		F3B4D10229DC85DD0019297F /* Cells */ = {
			isa = PBXGroup;
			children = (
				F3B4D10329DC86190019297F /* AccountSummaryCell.swift */,
			);
			path = Cells;
			sourceTree = "<group>";
		};
/* End PBXGroup section */

/* Begin PBXNativeTarget section */
		F30A3CDF29CB7BA800BCB9D6 /* Bank */ = {
			isa = PBXNativeTarget;
			buildConfigurationList = F30A3CF429CB7BAA00BCB9D6 /* Build configuration list for PBXNativeTarget "Bank" */;
			buildPhases = (
				F30A3CDC29CB7BA800BCB9D6 /* Sources */,
				F30A3CDD29CB7BA800BCB9D6 /* Frameworks */,
				F30A3CDE29CB7BA800BCB9D6 /* Resources */,
			);
			buildRules = (
			);
			dependencies = (
			);
			name = Bank;
			productName = Bank;
			productReference = F30A3CE029CB7BA800BCB9D6 /* Bank.app */;
			productType = "com.apple.product-type.application";
		};
		F3301DF429CB7F8700DE04C4 /* BankTestsUnitTests */ = {
			isa = PBXNativeTarget;
			buildConfigurationList = F3301DFB29CB7F8700DE04C4 /* Build configuration list for PBXNativeTarget "BankTestsUnitTests" */;
			buildPhases = (
				F3301DF129CB7F8700DE04C4 /* Sources */,
				F3301DF229CB7F8700DE04C4 /* Frameworks */,
				F3301DF329CB7F8700DE04C4 /* Resources */,
			);
			buildRules = (
			);
			dependencies = (
				F3301DFA29CB7F8700DE04C4 /* PBXTargetDependency */,
			);
			name = BankTestsUnitTests;
			productName = BankTestsUnitTests;
			productReference = F3301DF529CB7F8700DE04C4 /* BankTestsUnitTests.xctest */;
			productType = "com.apple.product-type.bundle.unit-test";
		};
/* End PBXNativeTarget section */

/* Begin PBXProject section */
		F30A3CD829CB7BA800BCB9D6 /* Project object */ = {
			isa = PBXProject;
			attributes = {
				BuildIndependentTargetsInParallel = 1;
				LastSwiftUpdateCheck = 1420;
				LastUpgradeCheck = 1420;
				TargetAttributes = {
					F30A3CDF29CB7BA800BCB9D6 = {
						CreatedOnToolsVersion = 14.2;
					};
					F3301DF429CB7F8700DE04C4 = {
						CreatedOnToolsVersion = 14.2;
						TestTargetID = F30A3CDF29CB7BA800BCB9D6;
					};
				};
			};
			buildConfigurationList = F30A3CDB29CB7BA800BCB9D6 /* Build configuration list for PBXProject "Bank" */;
			compatibilityVersion = "Xcode 14.0";
			developmentRegion = en;
			hasScannedForEncodings = 0;
			knownRegions = (
				en,
				Base,
			);
			mainGroup = F30A3CD729CB7BA800BCB9D6;
			productRefGroup = F30A3CE129CB7BA800BCB9D6 /* Products */;
			projectDirPath = "";
			projectRoot = "";
			targets = (
				F30A3CDF29CB7BA800BCB9D6 /* Bank */,
				F3301DF429CB7F8700DE04C4 /* BankTestsUnitTests */,
			);
		};
/* End PBXProject section */

/* Begin PBXResourcesBuildPhase section */
		F30A3CDE29CB7BA800BCB9D6 /* Resources */ = {
			isa = PBXResourcesBuildPhase;
			buildActionMask = 2147483647;
			files = (
				F3E7E1EF29D5D3CF00FD2999 /* AccountSummaryHeaderView.xib in Resources */,
				F30A3CF029CB7BAA00BCB9D6 /* LaunchScreen.storyboard in Resources */,
				F30A3CED29CB7BAA00BCB9D6 /* Assets.xcassets in Resources */,
			);
			runOnlyForDeploymentPostprocessing = 0;
		};
		F3301DF329CB7F8700DE04C4 /* Resources */ = {
			isa = PBXResourcesBuildPhase;
			buildActionMask = 2147483647;
			files = (
			);
			runOnlyForDeploymentPostprocessing = 0;
		};
/* End PBXResourcesBuildPhase section */

/* Begin PBXSourcesBuildPhase section */
		F30A3CDC29CB7BA800BCB9D6 /* Sources */ = {
			isa = PBXSourcesBuildPhase;
			buildActionMask = 2147483647;
			files = (
				F35E2D8729CCCD0700852036 /* UIViewController+Utils.swift in Sources */,
				F3301DF029CB7EB000DE04C4 /* LoginView.swift in Sources */,
				F35E2D8529CC974600852036 /* LocalState.swift in Sources */,
				F3E7E1ED29D5D35800FD2999 /* AccountSummaryHeaderView.swift in Sources */,
				F3301DFF29CBA56D00DE04C4 /* DummyViewController.swift in Sources */,
				F3CFA23D29EDD2BE00404558 /* DecimalUtils.swift in Sources */,
				F3CFA23F29EDD37A00404558 /* CurrencyFormatter.swift in Sources */,
				F3301DEA29CB7E7400DE04C4 /* OnboardingContainerViewController.swift in Sources */,
				F3B4D10429DC86190019297F /* AccountSummaryCell.swift in Sources */,
				F30A3CE429CB7BA800BCB9D6 /* AppDelegate.swift in Sources */,
				F3CFDD7829CDFDEB0088C79B /* MainViewController.swift in Sources */,
				F39F79DF29D38ADF00F3B4DA /* AccountSummaryViewController.swift in Sources */,
				F3301DEE29CB7EA500DE04C4 /* LoginViewController.swift in Sources */,
				F3301DEC29CB7E8600DE04C4 /* OnboardingViewController.swift in Sources */,
			);
			runOnlyForDeploymentPostprocessing = 0;
		};
		F3301DF129CB7F8700DE04C4 /* Sources */ = {
			isa = PBXSourcesBuildPhase;
			buildActionMask = 2147483647;
			files = (
				F3301DF829CB7F8700DE04C4 /* BankTestsUnitTests.swift in Sources */,
			);
			runOnlyForDeploymentPostprocessing = 0;
		};
/* End PBXSourcesBuildPhase section */

/* Begin PBXTargetDependency section */
		F3301DFA29CB7F8700DE04C4 /* PBXTargetDependency */ = {
			isa = PBXTargetDependency;
			target = F30A3CDF29CB7BA800BCB9D6 /* Bank */;
			targetProxy = F3301DF929CB7F8700DE04C4 /* PBXContainerItemProxy */;
		};
/* End PBXTargetDependency section */

/* Begin PBXVariantGroup section */
		F30A3CEE29CB7BAA00BCB9D6 /* LaunchScreen.storyboard */ = {
			isa = PBXVariantGroup;
			children = (
				F30A3CEF29CB7BAA00BCB9D6 /* Base */,
			);
			name = LaunchScreen.storyboard;
			sourceTree = "<group>";
		};
/* End PBXVariantGroup section */

/* Begin XCBuildConfiguration section */
		F30A3CF229CB7BAA00BCB9D6 /* Debug */ = {
			isa = XCBuildConfiguration;
			buildSettings = {
				ALWAYS_SEARCH_USER_PATHS = NO;
				CLANG_ANALYZER_NONNULL = YES;
				CLANG_ANALYZER_NUMBER_OBJECT_CONVERSION = YES_AGGRESSIVE;
				CLANG_CXX_LANGUAGE_STANDARD = "gnu++20";
				CLANG_ENABLE_MODULES = YES;
				CLANG_ENABLE_OBJC_ARC = YES;
				CLANG_ENABLE_OBJC_WEAK = YES;
				CLANG_WARN_BLOCK_CAPTURE_AUTORELEASING = YES;
				CLANG_WARN_BOOL_CONVERSION = YES;
				CLANG_WARN_COMMA = YES;
				CLANG_WARN_CONSTANT_CONVERSION = YES;
				CLANG_WARN_DEPRECATED_OBJC_IMPLEMENTATIONS = YES;
				CLANG_WARN_DIRECT_OBJC_ISA_USAGE = YES_ERROR;
				CLANG_WARN_DOCUMENTATION_COMMENTS = YES;
				CLANG_WARN_EMPTY_BODY = YES;
				CLANG_WARN_ENUM_CONVERSION = YES;
				CLANG_WARN_INFINITE_RECURSION = YES;
				CLANG_WARN_INT_CONVERSION = YES;
				CLANG_WARN_NON_LITERAL_NULL_CONVERSION = YES;
				CLANG_WARN_OBJC_IMPLICIT_RETAIN_SELF = YES;
				CLANG_WARN_OBJC_LITERAL_CONVERSION = YES;
				CLANG_WARN_OBJC_ROOT_CLASS = YES_ERROR;
				CLANG_WARN_QUOTED_INCLUDE_IN_FRAMEWORK_HEADER = YES;
				CLANG_WARN_RANGE_LOOP_ANALYSIS = YES;
				CLANG_WARN_STRICT_PROTOTYPES = YES;
				CLANG_WARN_SUSPICIOUS_MOVE = YES;
				CLANG_WARN_UNGUARDED_AVAILABILITY = YES_AGGRESSIVE;
				CLANG_WARN_UNREACHABLE_CODE = YES;
				CLANG_WARN__DUPLICATE_METHOD_MATCH = YES;
				COPY_PHASE_STRIP = NO;
				DEBUG_INFORMATION_FORMAT = dwarf;
				ENABLE_STRICT_OBJC_MSGSEND = YES;
				ENABLE_TESTABILITY = YES;
				GCC_C_LANGUAGE_STANDARD = gnu11;
				GCC_DYNAMIC_NO_PIC = NO;
				GCC_NO_COMMON_BLOCKS = YES;
				GCC_OPTIMIZATION_LEVEL = 0;
				GCC_PREPROCESSOR_DEFINITIONS = (
					"DEBUG=1",
					"$(inherited)",
				);
				GCC_WARN_64_TO_32_BIT_CONVERSION = YES;
				GCC_WARN_ABOUT_RETURN_TYPE = YES_ERROR;
				GCC_WARN_UNDECLARED_SELECTOR = YES;
				GCC_WARN_UNINITIALIZED_AUTOS = YES_AGGRESSIVE;
				GCC_WARN_UNUSED_FUNCTION = YES;
				GCC_WARN_UNUSED_VARIABLE = YES;
				IPHONEOS_DEPLOYMENT_TARGET = 16.2;
				MTL_ENABLE_DEBUG_INFO = INCLUDE_SOURCE;
				MTL_FAST_MATH = YES;
				ONLY_ACTIVE_ARCH = YES;
				SDKROOT = iphoneos;
				SWIFT_ACTIVE_COMPILATION_CONDITIONS = DEBUG;
				SWIFT_OPTIMIZATION_LEVEL = "-Onone";
			};
			name = Debug;
		};
		F30A3CF329CB7BAA00BCB9D6 /* Release */ = {
			isa = XCBuildConfiguration;
			buildSettings = {
				ALWAYS_SEARCH_USER_PATHS = NO;
				CLANG_ANALYZER_NONNULL = YES;
				CLANG_ANALYZER_NUMBER_OBJECT_CONVERSION = YES_AGGRESSIVE;
				CLANG_CXX_LANGUAGE_STANDARD = "gnu++20";
				CLANG_ENABLE_MODULES = YES;
				CLANG_ENABLE_OBJC_ARC = YES;
				CLANG_ENABLE_OBJC_WEAK = YES;
				CLANG_WARN_BLOCK_CAPTURE_AUTORELEASING = YES;
				CLANG_WARN_BOOL_CONVERSION = YES;
				CLANG_WARN_COMMA = YES;
				CLANG_WARN_CONSTANT_CONVERSION = YES;
				CLANG_WARN_DEPRECATED_OBJC_IMPLEMENTATIONS = YES;
				CLANG_WARN_DIRECT_OBJC_ISA_USAGE = YES_ERROR;
				CLANG_WARN_DOCUMENTATION_COMMENTS = YES;
				CLANG_WARN_EMPTY_BODY = YES;
				CLANG_WARN_ENUM_CONVERSION = YES;
				CLANG_WARN_INFINITE_RECURSION = YES;
				CLANG_WARN_INT_CONVERSION = YES;
				CLANG_WARN_NON_LITERAL_NULL_CONVERSION = YES;
				CLANG_WARN_OBJC_IMPLICIT_RETAIN_SELF = YES;
				CLANG_WARN_OBJC_LITERAL_CONVERSION = YES;
				CLANG_WARN_OBJC_ROOT_CLASS = YES_ERROR;
				CLANG_WARN_QUOTED_INCLUDE_IN_FRAMEWORK_HEADER = YES;
				CLANG_WARN_RANGE_LOOP_ANALYSIS = YES;
				CLANG_WARN_STRICT_PROTOTYPES = YES;
				CLANG_WARN_SUSPICIOUS_MOVE = YES;
				CLANG_WARN_UNGUARDED_AVAILABILITY = YES_AGGRESSIVE;
				CLANG_WARN_UNREACHABLE_CODE = YES;
				CLANG_WARN__DUPLICATE_METHOD_MATCH = YES;
				COPY_PHASE_STRIP = NO;
				DEBUG_INFORMATION_FORMAT = "dwarf-with-dsym";
				ENABLE_NS_ASSERTIONS = NO;
				ENABLE_STRICT_OBJC_MSGSEND = YES;
				GCC_C_LANGUAGE_STANDARD = gnu11;
				GCC_NO_COMMON_BLOCKS = YES;
				GCC_WARN_64_TO_32_BIT_CONVERSION = YES;
				GCC_WARN_ABOUT_RETURN_TYPE = YES_ERROR;
				GCC_WARN_UNDECLARED_SELECTOR = YES;
				GCC_WARN_UNINITIALIZED_AUTOS = YES_AGGRESSIVE;
				GCC_WARN_UNUSED_FUNCTION = YES;
				GCC_WARN_UNUSED_VARIABLE = YES;
				IPHONEOS_DEPLOYMENT_TARGET = 16.2;
				MTL_ENABLE_DEBUG_INFO = NO;
				MTL_FAST_MATH = YES;
				SDKROOT = iphoneos;
				SWIFT_COMPILATION_MODE = wholemodule;
				SWIFT_OPTIMIZATION_LEVEL = "-O";
				VALIDATE_PRODUCT = YES;
			};
			name = Release;
		};
		F30A3CF529CB7BAA00BCB9D6 /* Debug */ = {
			isa = XCBuildConfiguration;
			buildSettings = {
				ASSETCATALOG_COMPILER_APPICON_NAME = AppIcon;
				ASSETCATALOG_COMPILER_GLOBAL_ACCENT_COLOR_NAME = AccentColor;
				CODE_SIGN_STYLE = Automatic;
				CURRENT_PROJECT_VERSION = 1;
				GENERATE_INFOPLIST_FILE = YES;
				INFOPLIST_FILE = Bank/Info.plist;
				INFOPLIST_KEY_UIApplicationSupportsIndirectInputEvents = YES;
				INFOPLIST_KEY_UILaunchStoryboardName = LaunchScreen;
				INFOPLIST_KEY_UISupportedInterfaceOrientations_iPad = "UIInterfaceOrientationPortrait UIInterfaceOrientationPortraitUpsideDown UIInterfaceOrientationLandscapeLeft UIInterfaceOrientationLandscapeRight";
				INFOPLIST_KEY_UISupportedInterfaceOrientations_iPhone = "UIInterfaceOrientationPortrait UIInterfaceOrientationLandscapeLeft UIInterfaceOrientationLandscapeRight";
				LD_RUNPATH_SEARCH_PATHS = (
					"$(inherited)",
					"@executable_path/Frameworks",
				);
				MARKETING_VERSION = 1.0;
				PRODUCT_BUNDLE_IDENTIFIER = io.github.erasmojf.Bank;
				PRODUCT_NAME = "$(TARGET_NAME)";
				SWIFT_EMIT_LOC_STRINGS = YES;
				SWIFT_VERSION = 5.0;
				TARGETED_DEVICE_FAMILY = "1,2";
			};
			name = Debug;
		};
		F30A3CF629CB7BAA00BCB9D6 /* Release */ = {
			isa = XCBuildConfiguration;
			buildSettings = {
				ASSETCATALOG_COMPILER_APPICON_NAME = AppIcon;
				ASSETCATALOG_COMPILER_GLOBAL_ACCENT_COLOR_NAME = AccentColor;
				CODE_SIGN_STYLE = Automatic;
				CURRENT_PROJECT_VERSION = 1;
				GENERATE_INFOPLIST_FILE = YES;
				INFOPLIST_FILE = Bank/Info.plist;
				INFOPLIST_KEY_UIApplicationSupportsIndirectInputEvents = YES;
				INFOPLIST_KEY_UILaunchStoryboardName = LaunchScreen;
				INFOPLIST_KEY_UISupportedInterfaceOrientations_iPad = "UIInterfaceOrientationPortrait UIInterfaceOrientationPortraitUpsideDown UIInterfaceOrientationLandscapeLeft UIInterfaceOrientationLandscapeRight";
				INFOPLIST_KEY_UISupportedInterfaceOrientations_iPhone = "UIInterfaceOrientationPortrait UIInterfaceOrientationLandscapeLeft UIInterfaceOrientationLandscapeRight";
				LD_RUNPATH_SEARCH_PATHS = (
					"$(inherited)",
					"@executable_path/Frameworks",
				);
				MARKETING_VERSION = 1.0;
				PRODUCT_BUNDLE_IDENTIFIER = io.github.erasmojf.Bank;
				PRODUCT_NAME = "$(TARGET_NAME)";
				SWIFT_EMIT_LOC_STRINGS = YES;
				SWIFT_VERSION = 5.0;
				TARGETED_DEVICE_FAMILY = "1,2";
			};
			name = Release;
		};
		F3301DFC29CB7F8700DE04C4 /* Debug */ = {
			isa = XCBuildConfiguration;
			buildSettings = {
				BUNDLE_LOADER = "$(TEST_HOST)";
				CODE_SIGN_STYLE = Automatic;
				CURRENT_PROJECT_VERSION = 1;
				GENERATE_INFOPLIST_FILE = YES;
				MARKETING_VERSION = 1.0;
				PRODUCT_BUNDLE_IDENTIFIER = io.github.erasmojf.BankTestsUnitTests;
				PRODUCT_NAME = "$(TARGET_NAME)";
				SWIFT_EMIT_LOC_STRINGS = NO;
				SWIFT_VERSION = 5.0;
				TARGETED_DEVICE_FAMILY = "1,2";
				TEST_HOST = "$(BUILT_PRODUCTS_DIR)/Bank.app/$(BUNDLE_EXECUTABLE_FOLDER_PATH)/Bank";
			};
			name = Debug;
		};
		F3301DFD29CB7F8700DE04C4 /* Release */ = {
			isa = XCBuildConfiguration;
			buildSettings = {
				BUNDLE_LOADER = "$(TEST_HOST)";
				CODE_SIGN_STYLE = Automatic;
				CURRENT_PROJECT_VERSION = 1;
				GENERATE_INFOPLIST_FILE = YES;
				MARKETING_VERSION = 1.0;
				PRODUCT_BUNDLE_IDENTIFIER = io.github.erasmojf.BankTestsUnitTests;
				PRODUCT_NAME = "$(TARGET_NAME)";
				SWIFT_EMIT_LOC_STRINGS = NO;
				SWIFT_VERSION = 5.0;
				TARGETED_DEVICE_FAMILY = "1,2";
				TEST_HOST = "$(BUILT_PRODUCTS_DIR)/Bank.app/$(BUNDLE_EXECUTABLE_FOLDER_PATH)/Bank";
			};
			name = Release;
		};
/* End XCBuildConfiguration section */

/* Begin XCConfigurationList section */
		F30A3CDB29CB7BA800BCB9D6 /* Build configuration list for PBXProject "Bank" */ = {
			isa = XCConfigurationList;
			buildConfigurations = (
				F30A3CF229CB7BAA00BCB9D6 /* Debug */,
				F30A3CF329CB7BAA00BCB9D6 /* Release */,
			);
			defaultConfigurationIsVisible = 0;
			defaultConfigurationName = Release;
		};
		F30A3CF429CB7BAA00BCB9D6 /* Build configuration list for PBXNativeTarget "Bank" */ = {
			isa = XCConfigurationList;
			buildConfigurations = (
				F30A3CF529CB7BAA00BCB9D6 /* Debug */,
				F30A3CF629CB7BAA00BCB9D6 /* Release */,
			);
			defaultConfigurationIsVisible = 0;
			defaultConfigurationName = Release;
		};
		F3301DFB29CB7F8700DE04C4 /* Build configuration list for PBXNativeTarget "BankTestsUnitTests" */ = {
			isa = XCConfigurationList;
			buildConfigurations = (
				F3301DFC29CB7F8700DE04C4 /* Debug */,
				F3301DFD29CB7F8700DE04C4 /* Release */,
			);
			defaultConfigurationIsVisible = 0;
			defaultConfigurationName = Release;
		};
/* End XCConfigurationList section */
	};
	rootObject = F30A3CD829CB7BA800BCB9D6 /* Project object */;
}
